
Microsoft Visual Studio Solution File, Format Version 12.00
# Visual Studio Version 16
VisualStudioVersion = 16.0.30204.135
MinimumVisualStudioVersion = 10.0.40219.1
Project("{FAE04EC0-301F-11D3-BF4B-00C04F79EFBC}") = "SolidPrinciple", "SolidPrinciple\SolidPrinciple.csproj", "{DDC4E1DF-5912-4660-BDAA-EA510F5BC07A}"
EndProject
Global
	GlobalSection(SolutionConfigurationPlatforms) = preSolution
		Debug|Any CPU = Debug|Any CPU
		Release|Any CPU = Release|Any CPU
	EndGlobalSection
	GlobalSection(ProjectConfigurationPlatforms) = postSolution
		{DDC4E1DF-5912-4660-BDAA-EA510F5BC07A}.Debug|Any CPU.ActiveCfg = Debug|Any CPU
		{DDC4E1DF-5912-4660-BDAA-EA510F5BC07A}.Debug|Any CPU.Build.0 = Debug|Any CPU
		{DDC4E1DF-5912-4660-BDAA-EA510F5BC07A}.Release|Any CPU.ActiveCfg = Release|Any CPU
		{DDC4E1DF-5912-4660-BDAA-EA510F5BC07A}.Release|Any CPU.Build.0 = Release|Any CPU
	EndGlobalSection
	GlobalSection(SolutionProperties) = preSolution
		HideSolutionNode = FALSE
	EndGlobalSection
	GlobalSection(ExtensibilityGlobals) = postSolution
		SolutionGuid = {8C1D97DA-D601-496E-8B8D-58358E831FE5}
	EndGlobalSection
EndGlobal
